# Tested version pins: Linux x86_64, Python 3.12.13, 2026-09-07.
# Not a cross-platform or hash-locked resolution. REE is installed separately.
annotated-types==0.8.0
certifi==2026.7.22
et-xmlfile==2.0.0
geopandas==1.1.4
numpy==2.3.5
openpyxl==3.1.5
packaging==26.3
pandas==2.2.3
pyarrow==23.0.1
pydantic==2.13.4
pydantic-core==2.46.4
pyogrio==0.13.0
pyproj==3.8.0
python-dateutil==2.9.0.post0
pytz==2026.3.post1
pyyaml==6.0.3
shapely==2.1.2
six==1.17.0
typing-extensions==4.16.0
typing-inspection==0.4.4
tzdata==2026.3
